
Microsoft Visual Studio Solution File, Format Version 12.00
Project("{FAE04EC0-301F-11D3-BF4B-00C04F79EFBC}") = "SignalRBlazorSSR", "SignalRBlazorSSR\SignalRBlazorSSR.csproj", "{BAC50345-2965-4318-831C-810A952CF075}"
EndProject
Global
	GlobalSection(SolutionConfigurationPlatforms) = preSolution
		Debug|Any CPU = Debug|Any CPU
		Release|Any CPU = Release|Any CPU
	EndGlobalSection
	GlobalSection(ProjectConfigurationPlatforms) = postSolution
		{BAC50345-2965-4318-831C-810A952CF075}.Debug|Any CPU.ActiveCfg = Debug|Any CPU
		{BAC50345-2965-4318-831C-810A952CF075}.Debug|Any CPU.Build.0 = Debug|Any CPU
		{BAC50345-2965-4318-831C-810A952CF075}.Release|Any CPU.ActiveCfg = Release|Any CPU
		{BAC50345-2965-4318-831C-810A952CF075}.Release|Any CPU.Build.0 = Release|Any CPU
	EndGlobalSection
EndGlobal
